version = 1
revision = 3
requires-python = ">=3.13"

[[package]]
name = "amqp"
version = "5.3.1"
source = { registry = "https://pypi.org/simple" }
dependencies = [
    { name = "vine" },
]
sdist = { url = "https://files.pythonhosted.org/packages/79/fc/ec94a357dfc6683d8c86f8b4cfa5416a4c36b28052ec8260c77aca96a443/amqp-5.3.1.tar.gz", hash = "sha256:cddc00c725449522023bad949f70fff7b48f0b1ade74d170a6f10ab044739432", size = 129013, upload-time = "2024-11-12T19:55:44.051Z" }
wheels = [
    { url = "https://files.pythonhosted.org/packages/26/99/fc813cd978842c26c82534010ea849eee9ab3a13ea2b74e95cb9c99e747b/amqp-5.3.1-py3-none-any.whl", hash = "sha256:43b3319e1b4e7d1251833a93d672b4af1e40f3d632d479b98661a95f117880a2", size = 50944, upload-time = "2024-11-12T19:55:41.782Z" },
]

[[package]]
name = "asgiref"
version = "3.11.0"
source = { registry = "https://pypi.org/simple" }
sdist = { url = "https://files.pythonhosted.org/packages/76/b9/4db2509eabd14b4a8c71d1b24c8d5734c52b8560a7b1e1a8b56c8d25568b/asgiref-3.11.0.tar.gz", hash = "sha256:13acff32519542a1736223fb79a715acdebe24286d98e8b164a73085f40da2c4", size = 37969, upload-time = "2025-11-19T15:32:20.106Z" }
wheels = [
    { url = "https://files.pythonhosted.org/packages/91/be/317c2c55b8bbec407257d45f5c8d1b6867abc76d12043f2d3d58c538a4ea/asgiref-3.11.0-py3-none-any.whl", hash = "sha256:1db9021efadb0d9512ce8ffaf72fcef601c7b73a8807a1bb2ef143dc6b14846d", size = 24096, upload-time = "2025-11-19T15:32:19.004Z" },
]

[[package]]
name = "backend"
version = "0.1.0"
source = { virtual = "." }
dependencies = [
    { name = "celery" },
    { name = "django" },
    { name = "django-cors-headers" },
    { name = "django-debug-toolbar" },
    { name = "django-filter" },
    { name = "django-phonenumber-field", extra = ["phonenumbers"] },
    { name = "djangorestframework" },
    { name = "djangorestframework-simplejwt" },
    { name = "drf-nested-routers" },
    { name = "faker" },
    { name = "gunicorn" },
    { name = "pillow" },
    { name = "python-dotenv" },
    { name = "redis" },
]

[package.dev-dependencies]
dev = [
    { name = "model-bakery" },
    { name = "pytest" },
    { name = "pytest-django" },
]

[package.metadata]
requires-dist = [
    { name = "celery", specifier = ">=5.6.2" },
    { name = "django", specifier = ">=6.0.1" },
    { name = "django-cors-headers", specifier = ">=4.9.0" },
    { name = "django-debug-toolbar", specifier = ">=6.2.0" },
    { name = "django-filter", specifier = ">=25.2" },
    { name = "django-phonenumber-field", extras = ["phonenumbers"], specifier = ">=8.4.0" },
    { name = "djangorestframework", specifier = ">=3.16.1" },
    { name = "djangorestframework-simplejwt", specifier = ">=5.5.1" },
    { name = "drf-nested-routers", specifier = ">=0.95.0" },
    { name = "faker", specifier = ">=40.4.0" },
    { name = "gunicorn", specifier = ">=24.1.1" },
    { name = "pillow", specifier = ">=12.1.0" },
    { name = "python-dotenv", specifier = ">=1.2.1" },
    { name = "redis", specifier = ">=7.1.0" },
]

[package.metadata.requires-dev]
dev = [
    { name = "model-bakery", specifier = ">=1.23.2" },
    { name = "pytest", specifier = ">=9.0.2" },
    { name = "pytest-django", specifier = ">=4.11.1" },
]

[[package]]
name = "billiard"
version = "4.2.4"
source = { registry = "https://pypi.org/simple" }
sdist = { url = "https://files.pythonhosted.org/packages/58/23/b12ac0bcdfb7360d664f40a00b1bda139cbbbced012c34e375506dbd0143/billiard-4.2.4.tar.gz", hash = "sha256:55f542c371209e03cd5862299b74e52e4fbcba8250ba611ad94276b369b6a85f", size = 156537, upload-time = "2025-11-30T13:28:48.52Z" }
wheels = [
    { url = "https://files.pythonhosted.org/packages/cb/87/8bab77b323f16d67be364031220069f79159117dd5e43eeb4be2fef1ac9b/billiard-4.2.4-py3-none-any.whl", hash = "sha256:525b42bdec68d2b983347ac312f892db930858495db601b5836ac24e6477cde5", size = 87070, upload-time = "2025-11-30T13:28:47.016Z" },
]

[[package]]
name = "celery"
version = "5.6.2"
source = { registry = "https://pypi.org/simple" }
dependencies = [
    { name = "billiard" },
    { name = "click" },
    { name = "click-didyoumean" },
    { name = "click-plugins" },
    { name = "click-repl" },
    { name = "kombu" },
    { name = "python-dateutil" },
    { name = "tzlocal" },
    { name = "vine" },
]
sdist = { url = "https://files.pythonhosted.org/packages/8f/9d/3d13596519cfa7207a6f9834f4b082554845eb3cd2684b5f8535d50c7c44/celery-5.6.2.tar.gz", hash = "sha256:4a8921c3fcf2ad76317d3b29020772103581ed2454c4c042cc55dcc43585009b", size = 1718802, upload-time = "2026-01-04T12:35:58.012Z" }
wheels = [
    { url = "https://files.pythonhosted.org/packages/dd/bd/9ecd619e456ae4ba73b6583cc313f26152afae13e9a82ac4fe7f8856bfd1/celery-5.6.2-py3-none-any.whl", hash = "sha256:3ffafacbe056951b629c7abcf9064c4a2366de0bdfc9fdba421b97ebb68619a5", size = 445502, upload-time = "2026-01-04T12:35:55.894Z" },
]

[[package]]
name = "click"
version = "8.3.1"
source = { registry = "https://pypi.org/simple" }
dependencies = [
    { name = "colorama", marker = "sys_platform == 'win32'" },
]
sdist = { url = "https://files.pythonhosted.org/packages/3d/fa/656b739db8587d7b5dfa22e22ed02566950fbfbcdc20311993483657a5c0/click-8.3.1.tar.gz", hash = "sha256:12ff4785d337a1bb490bb7e9c2b1ee5da3112e94a8622f26a6c77f5d2fc6842a", size = 295065, upload-time = "2025-11-15T20:45:42.706Z" }
wheels = [
    { url = "https://files.pythonhosted.org/packages/98/78/01c019cdb5d6498122777c1a43056ebb3ebfeef2076d9d026bfe15583b2b/click-8.3.1-py3-none-any.whl", hash = "sha256:981153a64e25f12d547d3426c367a4857371575ee7ad18df2a6183ab0545b2a6", size = 108274, upload-time = "2025-11-15T20:45:41.139Z" },
]

[[package]]
name = "click-didyoumean"
version = "0.3.1"
source = { registry = "https://pypi.org/simple" }
dependencies = [
    { name = "click" },
]
sdist = { url = "https://files.pythonhosted.org/packages/30/ce/217289b77c590ea1e7c24242d9ddd6e249e52c795ff10fac2c50062c48cb/click_didyoumean-0.3.1.tar.gz", hash = "sha256:4f82fdff0dbe64ef8ab2279bd6aa3f6a99c3b28c05aa09cbfc07c9d7fbb5a463", size = 3089, upload-time = "2024-03-24T08:22:07.499Z" }
wheels = [
    { url = "https://files.pythonhosted.org/packages/1b/5b/974430b5ffdb7a4f1941d13d83c64a0395114503cc357c6b9ae4ce5047ed/click_didyoumean-0.3.1-py3-none-any.whl", hash = "sha256:5c4bb6007cfea5f2fd6583a2fb6701a22a41eb98957e63d0fac41c10e7c3117c", size = 3631, upload-time = "2024-03-24T08:22:06.356Z" },
]

[[package]]
name = "click-plugins"
version = "1.1.1.2"
source = { registry = "https://pypi.org/simple" }
dependencies = [
    { name = "click" },
]
sdist = { url = "https://files.pythonhosted.org/packages/c3/a4/34847b59150da33690a36da3681d6bbc2ec14ee9a846bc30a6746e5984e4/click_plugins-1.1.1.2.tar.gz", hash = "sha256:d7af3984a99d243c131aa1a828331e7630f4a88a9741fd05c927b204bcf92261", size = 8343, upload-time = "2025-06-25T00:47:37.555Z" }
wheels = [
    { url = "https://files.pythonhosted.org/packages/3d/9a/2abecb28ae875e39c8cad711eb1186d8d14eab564705325e77e4e6ab9ae5/click_plugins-1.1.1.2-py2.py3-none-any.whl", hash = "sha256:008d65743833ffc1f5417bf0e78e8d2c23aab04d9745ba817bd3e71b0feb6aa6", size = 11051, upload-time = "2025-06-25T00:47:36.731Z" },
]

[[package]]
name = "click-repl"
version = "0.3.0"
source = { registry = "https://pypi.org/simple" }
dependencies = [
    { name = "click" },
    { name = "prompt-toolkit" },
]
sdist = { url = "https://files.pythonhosted.org/packages/cb/a2/57f4ac79838cfae6912f997b4d1a64a858fb0c86d7fcaae6f7b58d267fca/click-repl-0.3.0.tar.gz", hash = "sha256:17849c23dba3d667247dc4defe1757fff98694e90fe37474f3feebb69ced26a9", size = 10449, upload-time = "2023-06-15T12:43:51.141Z" }
wheels = [
    { url = "https://files.pythonhosted.org/packages/52/40/9d857001228658f0d59e97ebd4c346fe73e138c6de1bce61dc568a57c7f8/click_repl-0.3.0-py3-none-any.whl", hash = "sha256:fb7e06deb8da8de86180a33a9da97ac316751c094c6899382da7feeeeb51b812", size = 10289, upload-time = "2023-06-15T12:43:48.626Z" },
]

[[package]]
name = "colorama"
version = "0.4.6"
source = { registry = "https://pypi.org/simple" }
sdist = { url = "https://files.pythonhosted.org/packages/d8/53/6f443c9a4a8358a93a6792e2acffb9d9d5cb0a5cfd8802644b7b1c9a02e4/colorama-0.4.6.tar.gz", hash = "sha256:08695f5cb7ed6e0531a20572697297273c47b8cae5a63ffc6d6ed5c201be6e44", size = 27697, upload-time = "2022-10-25T02:36:22.414Z" }
wheels = [
    { url = "https://files.pythonhosted.org/packages/d1/d6/3965ed04c63042e047cb6a3e6ed1a63a35087b6a609aa3a15ed8ac56c221/colorama-0.4.6-py2.py3-none-any.whl", hash = "sha256:4f1d9991f5acc0ca119f9d443620b77f9d6b33703e51011c16baf57afb285fc6", size = 25335, upload-time = "2022-10-25T02:36:20.889Z" },
]

[[package]]
name = "django"
version = "6.0.1"
source = { registry = "https://pypi.org/simple" }
dependencies = [
    { name = "asgiref" },
    { name = "sqlparse" },
    { name = "tzdata", marker = "sys_platform == 'win32'" },
]
sdist = { url = "https://files.pythonhosted.org/packages/b5/9b/016f7e55e855ee738a352b05139d4f8b278d0b451bd01ebef07456ef3b0e/django-6.0.1.tar.gz", hash = "sha256:ed76a7af4da21551573b3d9dfc1f53e20dd2e6c7d70a3adc93eedb6338130a5f", size = 11069565, upload-time = "2026-01-06T18:55:53.069Z" }
wheels = [
    { url = "https://files.pythonhosted.org/packages/95/b5/814ed98bd21235c116fd3436a7ed44d47560329a6d694ec8aac2982dbb93/django-6.0.1-py3-none-any.whl", hash = "sha256:a92a4ff14f664a896f9849009cb8afaca7abe0d6fc53325f3d1895a15253433d", size = 8338791, upload-time = "2026-01-06T18:55:46.175Z" },
]

[[package]]
name = "django-cors-headers"
version = "4.9.0"
source = { registry = "https://pypi.org/simple" }
dependencies = [
    { name = "asgiref" },
    { name = "django" },
]
sdist = { url = "https://files.pythonhosted.org/packages/21/39/55822b15b7ec87410f34cd16ce04065ff390e50f9e29f31d6d116fc80456/django_cors_headers-4.9.0.tar.gz", hash = "sha256:fe5d7cb59fdc2c8c646ce84b727ac2bca8912a247e6e68e1fb507372178e59e8", size = 21458, upload-time = "2025-09-18T10:40:52.326Z" }
wheels = [
    { url = "https://files.pythonhosted.org/packages/30/d8/19ed1e47badf477d17fb177c1c19b5a21da0fd2d9f093f23be3fb86c5fab/django_cors_headers-4.9.0-py3-none-any.whl", hash = "sha256:15c7f20727f90044dcee2216a9fd7303741a864865f0c3657e28b7056f61b449", size = 12809, upload-time = "2025-09-18T10:40:50.843Z" },
]

[[package]]
name = "django-debug-toolbar"
version = "6.2.0"
source = { registry = "https://pypi.org/simple" }
dependencies = [
    { name = "django" },
    { name = "sqlparse" },
]
sdist = { url = "https://files.pythonhosted.org/packages/f1/4d/6acf660500d3d581bfc19460d9605cdf14c275640f35825da1329eaafafa/django_debug_toolbar-6.2.0.tar.gz", hash = "sha256:dc1c174d8fb0ea01435e02d9ceef735cf62daf37c1a6a5692d33b4127327679b", size = 313779, upload-time = "2026-01-20T12:38:25.268Z" }
wheels = [
    { url = "https://files.pythonhosted.org/packages/88/04/e24611299a5ee0d4edfacf935b09cfb7d5d9cb653bd7b7883c3b43a6f90d/django_debug_toolbar-6.2.0-py3-none-any.whl", hash = "sha256:1575461954e6befa720e999dec13fe4f1cc8baf40b6c3ac2aec5f340c0f9c85f", size = 271354, upload-time = "2026-01-20T12:38:23.608Z" },
]

[[package]]
name = "django-filter"
version = "25.2"
source = { registry = "https://pypi.org/simple" }
dependencies = [
    { name = "django" },
]
sdist = { url = "https://files.pythonhosted.org/packages/2c/e4/465d2699cd388c0005fb8d6ae6709f239917c6d8790ac35719676fffdcf3/django_filter-25.2.tar.gz", hash = "sha256:760e984a931f4468d096f5541787efb8998c61217b73006163bf2f9523fe8f23", size = 143818, upload-time = "2025-10-05T09:51:31.521Z" }
wheels = [
    { url = "https://files.pythonhosted.org/packages/c1/40/6a02495c5658beb1f31eb09952d8aa12ef3c2a66342331ce3a35f7132439/django_filter-25.2-py3-none-any.whl", hash = "sha256:9c0f8609057309bba611062fe1b720b4a873652541192d232dd28970383633e3", size = 94145, upload-time = "2025-10-05T09:51:29.728Z" },
]

[[package]]
name = "django-phonenumber-field"
version = "8.4.0"
source = { registry = "https://pypi.org/simple" }
dependencies = [
    { name = "django" },
]
sdist = { url = "https://files.pythonhosted.org/packages/87/bf/8aa60c9834773b955dff1ddea842e361e8daaf6b0945d5bfc29fc66d53ab/django_phonenumber_field-8.4.0.tar.gz", hash = "sha256:2b83e843dac35eec6a69880a166487235b737a71a1e38c9a52e5ad67d6996083", size = 45512, upload-time = "2025-11-24T15:09:51.904Z" }
wheels = [
    { url = "https://files.pythonhosted.org/packages/8b/a3/f6b85a9246e22cf719752ad83f5e95aa9ba12419b2f9eff70f20d30e55df/django_phonenumber_field-8.4.0-py3-none-any.whl", hash = "sha256:7a1cb3a6456edb54d879f11ffa0acb227ded08c93b587035d0f28093f0e46511", size = 69528, upload-time = "2025-11-24T15:09:45.479Z" },
]

[package.optional-dependencies]
phonenumbers = [
    { name = "phonenumbers" },
]

[[package]]
name = "djangorestframework"
version = "3.16.1"
source = { registry = "https://pypi.org/simple" }
dependencies = [
    { name = "django" },
]
sdist = { url = "https://files.pythonhosted.org/packages/8a/95/5376fe618646fde6899b3cdc85fd959716bb67542e273a76a80d9f326f27/djangorestframework-3.16.1.tar.gz", hash = "sha256:166809528b1aced0a17dc66c24492af18049f2c9420dbd0be29422029cfc3ff7", size = 1089735, upload-time = "2025-08-06T17:50:53.251Z" }
wheels = [
    { url = "https://files.pythonhosted.org/packages/b0/ce/bf8b9d3f415be4ac5588545b5fcdbbb841977db1c1d923f7568eeabe1689/djangorestframework-3.16.1-py3-none-any.whl", hash = "sha256:33a59f47fb9c85ede792cbf88bde71893bcda0667bc573f784649521f1102cec", size = 1080442, upload-time = "2025-08-06T17:50:50.667Z" },
]

[[package]]
name = "djangorestframework-simplejwt"
version = "5.5.1"
source = { registry = "https://pypi.org/simple" }
dependencies = [
    { name = "django" },
    { name = "djangorestframework" },
    { name = "pyjwt" },
]
sdist = { url = "https://files.pythonhosted.org/packages/a8/27/2874a325c11112066139769f7794afae238a07ce6adf96259f08fd37a9d7/djangorestframework_simplejwt-5.5.1.tar.gz", hash = "sha256:e72c5572f51d7803021288e2057afcbd03f17fe11d484096f40a460abc76e87f", size = 101265, upload-time = "2025-07-21T16:52:25.026Z" }
wheels = [
    { url = "https://files.pythonhosted.org/packages/60/94/fdfb7b2f0b16cd3ed4d4171c55c1c07a2d1e3b106c5978c8ad0c15b4a48b/djangorestframework_simplejwt-5.5.1-py3-none-any.whl", hash = "sha256:2c30f3707053d384e9f315d11c2daccfcb548d4faa453111ca19a542b732e469", size = 107674, upload-time = "2025-07-21T16:52:07.493Z" },
]

[[package]]
name = "drf-nested-routers"
version = "0.95.0"
source = { registry = "https://pypi.org/simple" }
dependencies = [
    { name = "django" },
    { name = "djangorestframework" },
]
sdist = { url = "https://files.pythonhosted.org/packages/ff/b2/070908ccd41bd6f025f5507d7f6e50009abe8be48393cc697d159b539f0b/drf_nested_routers-0.95.0.tar.gz", hash = "sha256:815978f802e578fd7035c74040c104909cbe97615de89a275d77e928f4029891", size = 23318, upload-time = "2025-09-09T02:01:58.201Z" }
wheels = [
    { url = "https://files.pythonhosted.org/packages/3e/61/69d951a6e8031389f5feade38531432325019e1047b23d5c6036a86c5e8f/drf_nested_routers-0.95.0-py2.py3-none-any.whl", hash = "sha256:dd489c33d667aaa81383ffaa8c74781d2b353d8f0795716ae37fc59ee297b7c4", size = 36407, upload-time = "2025-09-09T02:01:56.999Z" },
]

[[package]]
name = "faker"
version = "40.4.0"
source = { registry = "https://pypi.org/simple" }
dependencies = [
    { name = "tzdata", marker = "sys_platform == 'win32'" },
]
sdist = { url = "https://files.pythonhosted.org/packages/fc/7e/dccb7013c9f3d66f2e379383600629fec75e4da2698548bdbf2041ea4b51/faker-40.4.0.tar.gz", hash = "sha256:76f8e74a3df28c3e2ec2caafa956e19e37a132fdc7ea067bc41783affcfee364", size = 1952221, upload-time = "2026-02-06T23:30:15.515Z" }
wheels = [
    { url = "https://files.pythonhosted.org/packages/ac/63/58efa67c10fb27810d34351b7a10f85f109a7f7e2a07dc3773952459c47b/faker-40.4.0-py3-none-any.whl", hash = "sha256:486d43c67ebbb136bc932406418744f9a0bdf2c07f77703ea78b58b77e9aa443", size = 1987060, upload-time = "2026-02-06T23:30:13.44Z" },
]

[[package]]
name = "gunicorn"
version = "24.1.1"
source = { registry = "https://pypi.org/simple" }
dependencies = [
    { name = "packaging" },
]
sdist = { url = "https://files.pythonhosted.org/packages/78/0a/10739c03537ec5b131a867bf94df2e412b437696c7e5d26970e2198a80d2/gunicorn-24.1.1.tar.gz", hash = "sha256:f006d110e5cb3102859b4f5cd48335dbd9cc28d0d27cd24ddbdafa6c60929408", size = 287567, upload-time = "2026-01-24T01:15:31.359Z" }
wheels = [
    { url = "https://files.pythonhosted.org/packages/96/90/cfe637677916fc6f53cd2b05d5746e249f683e1fa14c9e745a88c66f7290/gunicorn-24.1.1-py3-none-any.whl", hash = "sha256:757f6b621fc4f7581a90600b2cd9df593461f06a41d7259cb9b94499dc4095a8", size = 114920, upload-time = "2026-01-24T01:15:29.656Z" },
]

[[package]]
name = "iniconfig"
version = "2.3.0"
source = { registry = "https://pypi.org/simple" }
sdist = { url = "https://files.pythonhosted.org/packages/72/34/14ca021ce8e5dfedc35312d08ba8bf51fdd999c576889fc2c24cb97f4f10/iniconfig-2.3.0.tar.gz", hash = "sha256:c76315c77db068650d49c5b56314774a7804df16fee4402c1f19d6d15d8c4730", size = 20503, upload-time = "2025-10-18T21:55:43.219Z" }
wheels = [
    { url = "https://files.pythonhosted.org/packages/cb/b1/3846dd7f199d53cb17f49cba7e651e9ce294d8497c8c150530ed11865bb8/iniconfig-2.3.0-py3-none-any.whl", hash = "sha256:f631c04d2c48c52b84d0d0549c99ff3859c98df65b3101406327ecc7d53fbf12", size = 7484, upload-time = "2025-10-18T21:55:41.639Z" },
]

[[package]]
name = "kombu"
version = "5.6.2"
source = { registry = "https://pypi.org/simple" }
dependencies = [
    { name = "amqp" },
    { name = "packaging" },
    { name = "tzdata" },
    { name = "vine" },
]
sdist = { url = "https://files.pythonhosted.org/packages/b6/a5/607e533ed6c83ae1a696969b8e1c137dfebd5759a2e9682e26ff1b97740b/kombu-5.6.2.tar.gz", hash = "sha256:8060497058066c6f5aed7c26d7cd0d3b574990b09de842a8c5aaed0b92cc5a55", size = 472594, upload-time = "2025-12-29T20:30:07.779Z" }
wheels = [
    { url = "https://files.pythonhosted.org/packages/fb/0f/834427d8c03ff1d7e867d3db3d176470c64871753252b21b4f4897d1fa45/kombu-5.6.2-py3-none-any.whl", hash = "sha256:efcfc559da324d41d61ca311b0c64965ea35b4c55cc04ee36e55386145dace93", size = 214219, upload-time = "2025-12-29T20:30:05.74Z" },
]

[[package]]
name = "model-bakery"
version = "1.23.2"
source = { registry = "https://pypi.org/simple" }
dependencies = [
    { name = "django" },
]
sdist = { url = "https://files.pythonhosted.org/packages/90/1c/03217ba882a814e431729ee91f634d747502bc55c8095a49d4f37d68b171/model_bakery-1.23.2.tar.gz", hash = "sha256:42d249903bcdb96875d289b4733c22c8e7b46c3e59604e0538aabe8a3a743fad", size = 22993, upload-time = "2026-01-21T21:32:21.246Z" }
wheels = [
    { url = "https://files.pythonhosted.org/packages/6e/a7/616e30ffaff51581003b2d36705f625b0bd14cac2a92a779c22476bea572/model_bakery-1.23.2-py3-none-any.whl", hash = "sha256:31f1067df0879ea5f0f158aaa7a8b26fd9a6c62cc1f1f08ea288a35023b9f9b1", size = 25335, upload-time = "2026-01-21T21:32:20.153Z" },
]

[[package]]
name = "packaging"
version = "26.0"
source = { registry = "https://pypi.org/simple" }
sdist = { url = "https://files.pythonhosted.org/packages/65/ee/299d360cdc32edc7d2cf530f3accf79c4fca01e96ffc950d8a52213bd8e4/packaging-26.0.tar.gz", hash = "sha256:00243ae351a257117b6a241061796684b084ed1c516a08c48a3f7e147a9d80b4", size = 143416, upload-time = "2026-01-21T20:50:39.064Z" }
wheels = [
    { url = "https://files.pythonhosted.org/packages/b7/b9/c538f279a4e237a006a2c98387d081e9eb060d203d8ed34467cc0f0b9b53/packaging-26.0-py3-none-any.whl", hash = "sha256:b36f1fef9334a5588b4166f8bcd26a14e521f2b55e6b9de3aaa80d3ff7a37529", size = 74366, upload-time = "2026-01-21T20:50:37.788Z" },
]

[[package]]
name = "phonenumbers"
version = "9.0.22"
source = { registry = "https://pypi.org/simple" }
sdist = { url = "https://files.pythonhosted.org/packages/16/12/8583ba0f327cebf42e4c1a63f394332f42d86a5cc16e0f578bb29d17b524/phonenumbers-9.0.22.tar.gz", hash = "sha256:eff985c65575749d1d54e07c56c3517d5243e03e08e4a6191761df9aab2278f2", size = 2297728, upload-time = "2026-01-16T06:31:02.211Z" }
wheels = [
    { url = "https://files.pythonhosted.org/packages/1e/95/a958da5ca5ae35b3a0d4a1ce88b001b4360fd6b48b97339dba2815ec10d4/phonenumbers-9.0.22-py2.py3-none-any.whl", hash = "sha256:645e66cd9a136b3b257b5f941fa97d324124114d31ad3c9f2488682f47ad7ee1", size = 2584081, upload-time = "2026-01-16T06:30:58.43Z" },
]

[[package]]
name = "pillow"
version = "12.1.0"
source = { registry = "https://pypi.org/simple" }
sdist = { url = "https://files.pythonhosted.org/packages/d0/02/d52c733a2452ef1ffcc123b68e6606d07276b0e358db70eabad7e40042b7/pillow-12.1.0.tar.gz", hash = "sha256:5c5ae0a06e9ea030ab786b0251b32c7e4ce10e58d983c0d5c56029455180b5b9", size = 46977283, upload-time = "2026-01-02T09:13:29.892Z" }
wheels = [
    { url = "https://files.pythonhosted.org/packages/dd/c7/2530a4aa28248623e9d7f27316b42e27c32ec410f695929696f2e0e4a778/pillow-12.1.0-cp313-cp313-ios_13_0_arm64_iphoneos.whl", hash = "sha256:7b5dd7cbae20285cdb597b10eb5a2c13aa9de6cde9bb64a3c1317427b1db1ae1", size = 4062543, upload-time = "2026-01-02T09:11:31.566Z" },
    { url = "https://files.pythonhosted.org/packages/8f/1f/40b8eae823dc1519b87d53c30ed9ef085506b05281d313031755c1705f73/pillow-12.1.0-cp313-cp313-ios_13_0_arm64_iphonesimulator.whl", hash = "sha256:29a4cef9cb672363926f0470afc516dbf7305a14d8c54f7abbb5c199cd8f8179", size = 4138373, upload-time = "2026-01-02T09:11:33.367Z" },
    { url = "https://files.pythonhosted.org/packages/d4/77/6fa60634cf06e52139fd0e89e5bbf055e8166c691c42fb162818b7fda31d/pillow-12.1.0-cp313-cp313-ios_13_0_x86_64_iphonesimulator.whl", hash = "sha256:681088909d7e8fa9e31b9799aaa59ba5234c58e5e4f1951b4c4d1082a2e980e0", size = 3601241, upload-time = "2026-01-02T09:11:35.011Z" },
    { url = "https://files.pythonhosted.org/packages/4f/bf/28ab865de622e14b747f0cd7877510848252d950e43002e224fb1c9ababf/pillow-12.1.0-cp313-cp313-macosx_10_13_x86_64.whl", hash = "sha256:983976c2ab753166dc66d36af6e8ec15bb511e4a25856e2227e5f7e00a160587", size = 5262410, upload-time = "2026-01-02T09:11:36.682Z" },
    { url = "https://files.pythonhosted.org/packages/1c/34/583420a1b55e715937a85bd48c5c0991598247a1fd2eb5423188e765ea02/pillow-12.1.0-cp313-cp313-macosx_11_0_arm64.whl", hash = "sha256:db44d5c160a90df2d24a24760bbd37607d53da0b34fb546c4c232af7192298ac", size = 4657312, upload-time = "2026-01-02T09:11:38.535Z" },
    { url = "https://files.pythonhosted.org/packages/1d/fd/f5a0896839762885b3376ff04878f86ab2b097c2f9a9cdccf4eda8ba8dc0/pillow-12.1.0-cp313-cp313-manylinux2014_aarch64.manylinux_2_17_aarch64.whl", hash = "sha256:6b7a9d1db5dad90e2991645874f708e87d9a3c370c243c2d7684d28f7e133e6b", size = 6232605, upload-time = "2026-01-02T09:11:40.602Z" },
    { url = "https://files.pythonhosted.org/packages/98/aa/938a09d127ac1e70e6ed467bd03834350b33ef646b31edb7452d5de43792/pillow-12.1.0-cp313-cp313-manylinux2014_x86_64.manylinux_2_17_x86_64.whl", hash = "sha256:6258f3260986990ba2fa8a874f8b6e808cf5abb51a94015ca3dc3c68aa4f30ea", size = 8041617, upload-time = "2026-01-02T09:11:42.721Z" },
    { url = "https://files.pythonhosted.org/packages/17/e8/538b24cb426ac0186e03f80f78bc8dc7246c667f58b540bdd57c71c9f79d/pillow-12.1.0-cp313-cp313-manylinux_2_27_aarch64.manylinux_2_28_aarch64.whl", hash = "sha256:e115c15e3bc727b1ca3e641a909f77f8ca72a64fff150f666fcc85e57701c26c", size = 6346509, upload-time = "2026-01-02T09:11:44.955Z" },
    { url = "https://files.pythonhosted.org/packages/01/9a/632e58ec89a32738cabfd9ec418f0e9898a2b4719afc581f07c04a05e3c9/pillow-12.1.0-cp313-cp313-manylinux_2_27_x86_64.manylinux_2_28_x86_64.whl", hash = "sha256:6741e6f3074a35e47c77b23a4e4f2d90db3ed905cb1c5e6e0d49bff2045632bc", size = 7038117, upload-time = "2026-01-02T09:11:46.736Z" },
    { url = "https://files.pythonhosted.org/packages/c7/a2/d40308cf86eada842ca1f3ffa45d0ca0df7e4ab33c83f81e73f5eaed136d/pillow-12.1.0-cp313-cp313-musllinux_1_2_aarch64.whl", hash = "sha256:935b9d1aed48fcfb3f838caac506f38e29621b44ccc4f8a64d575cb1b2a88644", size = 6460151, upload-time = "2026-01-02T09:11:48.625Z" },
    { url = "https://files.pythonhosted.org/packages/f1/88/f5b058ad6453a085c5266660a1417bdad590199da1b32fb4efcff9d33b05/pillow-12.1.0-cp313-cp313-musllinux_1_2_x86_64.whl", hash = "sha256:5fee4c04aad8932da9f8f710af2c1a15a83582cfb884152a9caa79d4efcdbf9c", size = 7164534, upload-time = "2026-01-02T09:11:50.445Z" },
    { url = "https://files.pythonhosted.org/packages/19/ce/c17334caea1db789163b5d855a5735e47995b0b5dc8745e9a3605d5f24c0/pillow-12.1.0-cp313-cp313-win32.whl", hash = "sha256:a786bf667724d84aa29b5db1c61b7bfdde380202aaca12c3461afd6b71743171", size = 6332551, upload-time = "2026-01-02T09:11:52.234Z" },
    { url = "https://files.pythonhosted.org/packages/e5/07/74a9d941fa45c90a0d9465098fe1ec85de3e2afbdc15cc4766622d516056/pillow-12.1.0-cp313-cp313-win_amd64.whl", hash = "sha256:461f9dfdafa394c59cd6d818bdfdbab4028b83b02caadaff0ffd433faf4c9a7a", size = 7040087, upload-time = "2026-01-02T09:11:54.822Z" },
    { url = "https://files.pythonhosted.org/packages/88/09/c99950c075a0e9053d8e880595926302575bc742b1b47fe1bbcc8d388d50/pillow-12.1.0-cp313-cp313-win_arm64.whl", hash = "sha256:9212d6b86917a2300669511ed094a9406888362e085f2431a7da985a6b124f45", size = 2452470, upload-time = "2026-01-02T09:11:56.522Z" },
    { url = "https://files.pythonhosted.org/packages/b5/ba/970b7d85ba01f348dee4d65412476321d40ee04dcb51cd3735b9dc94eb58/pillow-12.1.0-cp313-cp313t-macosx_10_13_x86_64.whl", hash = "sha256:00162e9ca6d22b7c3ee8e61faa3c3253cd19b6a37f126cad04f2f88b306f557d", size = 5264816, upload-time = "2026-01-02T09:11:58.227Z" },
    { url = "https://files.pythonhosted.org/packages/10/60/650f2fb55fdba7a510d836202aa52f0baac633e50ab1cf18415d332188fb/pillow-12.1.0-cp313-cp313t-macosx_11_0_arm64.whl", hash = "sha256:7d6daa89a00b58c37cb1747ec9fb7ac3bc5ffd5949f5888657dfddde6d1312e0", size = 4660472, upload-time = "2026-01-02T09:12:00.798Z" },
    { url = "https://files.pythonhosted.org/packages/2b/c0/5273a99478956a099d533c4f46cbaa19fd69d606624f4334b85e50987a08/pillow-12.1.0-cp313-cp313t-manylinux2014_aarch64.manylinux_2_17_aarch64.whl", hash = "sha256:e2479c7f02f9d505682dc47df8c0ea1fc5e264c4d1629a5d63fe3e2334b89554", size = 6268974, upload-time = "2026-01-02T09:12:02.572Z" },
    { url = "https://files.pythonhosted.org/packages/b4/26/0bf714bc2e73d5267887d47931d53c4ceeceea6978148ed2ab2a4e6463c4/pillow-12.1.0-cp313-cp313t-manylinux2014_x86_64.manylinux_2_17_x86_64.whl", hash = "sha256:f188d580bd870cda1e15183790d1cc2fa78f666e76077d103edf048eed9c356e", size = 8073070, upload-time = "2026-01-02T09:12:04.75Z" },
    { url = "https://files.pythonhosted.org/packages/43/cf/1ea826200de111a9d65724c54f927f3111dc5ae297f294b370a670c17786/pillow-12.1.0-cp313-cp313t-manylinux_2_27_aarch64.manylinux_2_28_aarch64.whl", hash = "sha256:0fde7ec5538ab5095cc02df38ee99b0443ff0e1c847a045554cf5f9af1f4aa82", size = 6380176, upload-time = "2026-01-02T09:12:06.626Z" },
    { url = "https://files.pythonhosted.org/packages/03/e0/7938dd2b2013373fd85d96e0f38d62b7a5a262af21ac274250c7ca7847c9/pillow-12.1.0-cp313-cp313t-manylinux_2_27_x86_64.manylinux_2_28_x86_64.whl", hash = "sha256:0ed07dca4a8464bada6139ab38f5382f83e5f111698caf3191cb8dbf27d908b4", size = 7067061, upload-time = "2026-01-02T09:12:08.624Z" },
    { url = "https://files.pythonhosted.org/packages/86/ad/a2aa97d37272a929a98437a8c0ac37b3cf012f4f8721e1bd5154699b2518/pillow-12.1.0-cp313-cp313t-musllinux_1_2_aarch64.whl", hash = "sha256:f45bd71d1fa5e5749587613037b172e0b3b23159d1c00ef2fc920da6f470e6f0", size = 6491824, upload-time = "2026-01-02T09:12:10.488Z" },
    { url = "https://files.pythonhosted.org/packages/a4/44/80e46611b288d51b115826f136fb3465653c28f491068a72d3da49b54cd4/pillow-12.1.0-cp313-cp313t-musllinux_1_2_x86_64.whl", hash = "sha256:277518bf4fe74aa91489e1b20577473b19ee70fb97c374aa50830b279f25841b", size = 7190911, upload-time = "2026-01-02T09:12:12.772Z" },
    { url = "https://files.pythonhosted.org/packages/86/77/eacc62356b4cf81abe99ff9dbc7402750044aed02cfd6a503f7c6fc11f3e/pillow-12.1.0-cp313-cp313t-win32.whl", hash = "sha256:7315f9137087c4e0ee73a761b163fc9aa3b19f5f606a7fc08d83fd3e4379af65", size = 6336445, upload-time = "2026-01-02T09:12:14.775Z" },
    { url = "https://files.pythonhosted.org/packages/e7/3c/57d81d0b74d218706dafccb87a87ea44262c43eef98eb3b164fd000e0491/pillow-12.1.0-cp313-cp313t-win_amd64.whl", hash = "sha256:0ddedfaa8b5f0b4ffbc2fa87b556dc59f6bb4ecb14a53b33f9189713ae8053c0", size = 7045354, upload-time = "2026-01-02T09:12:16.599Z" },
    { url = "https://files.pythonhosted.org/packages/ac/82/8b9b97bba2e3576a340f93b044a3a3a09841170ab4c1eb0d5c93469fd32f/pillow-12.1.0-cp313-cp313t-win_arm64.whl", hash = "sha256:80941e6d573197a0c28f394753de529bb436b1ca990ed6e765cf42426abc39f8", size = 2454547, upload-time = "2026-01-02T09:12:18.704Z" },
    { url = "https://files.pythonhosted.org/packages/8c/87/bdf971d8bbcf80a348cc3bacfcb239f5882100fe80534b0ce67a784181d8/pillow-12.1.0-cp314-cp314-ios_13_0_arm64_iphoneos.whl", hash = "sha256:5cb7bc1966d031aec37ddb9dcf15c2da5b2e9f7cc3ca7c54473a20a927e1eb91", size = 4062533, upload-time = "2026-01-02T09:12:20.791Z" },
    { url = "https://files.pythonhosted.org/packages/ff/4f/5eb37a681c68d605eb7034c004875c81f86ec9ef51f5be4a63eadd58859a/pillow-12.1.0-cp314-cp314-ios_13_0_arm64_iphonesimulator.whl", hash = "sha256:97e9993d5ed946aba26baf9c1e8cf18adbab584b99f452ee72f7ee8acb882796", size = 4138546, upload-time = "2026-01-02T09:12:23.664Z" },
    { url = "https://files.pythonhosted.org/packages/11/6d/19a95acb2edbace40dcd582d077b991646b7083c41b98da4ed7555b59733/pillow-12.1.0-cp314-cp314-ios_13_0_x86_64_iphonesimulator.whl", hash = "sha256:414b9a78e14ffeb98128863314e62c3f24b8a86081066625700b7985b3f529bd", size = 3601163, upload-time = "2026-01-02T09:12:26.338Z" },
    { url = "https://files.pythonhosted.org/packages/fc/36/2b8138e51cb42e4cc39c3297713455548be855a50558c3ac2beebdc251dd/pillow-12.1.0-cp314-cp314-macosx_10_15_x86_64.whl", hash = "sha256:e6bdb408f7c9dd2a5ff2b14a3b0bb6d4deb29fb9961e6eb3ae2031ae9a5cec13", size = 5266086, upload-time = "2026-01-02T09:12:28.782Z" },
    { url = "https://files.pythonhosted.org/packages/53/4b/649056e4d22e1caa90816bf99cef0884aed607ed38075bd75f091a607a38/pillow-12.1.0-cp314-cp314-macosx_11_0_arm64.whl", hash = "sha256:3413c2ae377550f5487991d444428f1a8ae92784aac79caa8b1e3b89b175f77e", size = 4657344, upload-time = "2026-01-02T09:12:31.117Z" },
    { url = "https://files.pythonhosted.org/packages/6c/6b/c5742cea0f1ade0cd61485dc3d81f05261fc2276f537fbdc00802de56779/pillow-12.1.0-cp314-cp314-manylinux2014_aarch64.manylinux_2_17_aarch64.whl", hash = "sha256:e5dcbe95016e88437ecf33544ba5db21ef1b8dd6e1b434a2cb2a3d605299e643", size = 6232114, upload-time = "2026-01-02T09:12:32.936Z" },
    { url = "https://files.pythonhosted.org/packages/bf/8f/9f521268ce22d63991601aafd3d48d5ff7280a246a1ef62d626d67b44064/pillow-12.1.0-cp314-cp314-manylinux2014_x86_64.manylinux_2_17_x86_64.whl", hash = "sha256:d0a7735df32ccbcc98b98a1ac785cc4b19b580be1bdf0aeb5c03223220ea09d5", size = 8042708, upload-time = "2026-01-02T09:12:34.78Z" },
    { url = "https://files.pythonhosted.org/packages/1a/eb/257f38542893f021502a1bbe0c2e883c90b5cff26cc33b1584a841a06d30/pillow-12.1.0-cp314-cp314-manylinux_2_27_aarch64.manylinux_2_28_aarch64.whl", hash = "sha256:0c27407a2d1b96774cbc4a7594129cc027339fd800cd081e44497722ea1179de", size = 6347762, upload-time = "2026-01-02T09:12:36.748Z" },
    { url = "https://files.pythonhosted.org/packages/c4/5a/8ba375025701c09b309e8d5163c5a4ce0102fa86bbf8800eb0d7ac87bc51/pillow-12.1.0-cp314-cp314-manylinux_2_27_x86_64.manylinux_2_28_x86_64.whl", hash = "sha256:15c794d74303828eaa957ff8070846d0efe8c630901a1c753fdc63850e19ecd9", size = 7039265, upload-time = "2026-01-02T09:12:39.082Z" },
    { url = "https://files.pythonhosted.org/packages/cf/dc/cf5e4cdb3db533f539e88a7bbf9f190c64ab8a08a9bc7a4ccf55067872e4/pillow-12.1.0-cp314-cp314-musllinux_1_2_aarch64.whl", hash = "sha256:c990547452ee2800d8506c4150280757f88532f3de2a58e3022e9b179107862a", size = 6462341, upload-time = "2026-01-02T09:12:40.946Z" },
    { url = "https://files.pythonhosted.org/packages/d0/47/0291a25ac9550677e22eda48510cfc4fa4b2ef0396448b7fbdc0a6946309/pillow-12.1.0-cp314-cp314-musllinux_1_2_x86_64.whl", hash = "sha256:b63e13dd27da389ed9475b3d28510f0f954bca0041e8e551b2a4eb1eab56a39a", size = 7165395, upload-time = "2026-01-02T09:12:42.706Z" },
    { url = "https://files.pythonhosted.org/packages/4f/4c/e005a59393ec4d9416be06e6b45820403bb946a778e39ecec62f5b2b991e/pillow-12.1.0-cp314-cp314-win32.whl", hash = "sha256:1a949604f73eb07a8adab38c4fe50791f9919344398bdc8ac6b307f755fc7030", size = 6431413, upload-time = "2026-01-02T09:12:44.944Z" },
    { url = "https://files.pythonhosted.org/packages/1c/af/f23697f587ac5f9095d67e31b81c95c0249cd461a9798a061ed6709b09b5/pillow-12.1.0-cp314-cp314-win_amd64.whl", hash = "sha256:4f9f6a650743f0ddee5593ac9e954ba1bdbc5e150bc066586d4f26127853ab94", size = 7176779, upload-time = "2026-01-02T09:12:46.727Z" },
    { url = "https://files.pythonhosted.org/packages/b3/36/6a51abf8599232f3e9afbd16d52829376a68909fe14efe29084445db4b73/pillow-12.1.0-cp314-cp314-win_arm64.whl", hash = "sha256:808b99604f7873c800c4840f55ff389936ef1948e4e87645eaf3fccbc8477ac4", size = 2543105, upload-time = "2026-01-02T09:12:49.243Z" },
    { url = "https://files.pythonhosted.org/packages/82/54/2e1dd20c8749ff225080d6ba465a0cab4387f5db0d1c5fb1439e2d99923f/pillow-12.1.0-cp314-cp314t-macosx_10_15_x86_64.whl", hash = "sha256:bc11908616c8a283cf7d664f77411a5ed2a02009b0097ff8abbba5e79128ccf2", size = 5268571, upload-time = "2026-01-02T09:12:51.11Z" },
    { url = "https://files.pythonhosted.org/packages/57/61/571163a5ef86ec0cf30d265ac2a70ae6fc9e28413d1dc94fa37fae6bda89/pillow-12.1.0-cp314-cp314t-macosx_11_0_arm64.whl", hash = "sha256:896866d2d436563fa2a43a9d72f417874f16b5545955c54a64941e87c1376c61", size = 4660426, upload-time = "2026-01-02T09:12:52.865Z" },
    { url = "https://files.pythonhosted.org/packages/5e/e1/53ee5163f794aef1bf84243f755ee6897a92c708505350dd1923f4afec48/pillow-12.1.0-cp314-cp314t-manylinux2014_aarch64.manylinux_2_17_aarch64.whl", hash = "sha256:8e178e3e99d3c0ea8fc64b88447f7cac8ccf058af422a6cedc690d0eadd98c51", size = 6269908, upload-time = "2026-01-02T09:12:54.884Z" },
    { url = "https://files.pythonhosted.org/packages/bc/0b/b4b4106ff0ee1afa1dc599fde6ab230417f800279745124f6c50bcffed8e/pillow-12.1.0-cp314-cp314t-manylinux2014_x86_64.manylinux_2_17_x86_64.whl", hash = "sha256:079af2fb0c599c2ec144ba2c02766d1b55498e373b3ac64687e43849fbbef5bc", size = 8074733, upload-time = "2026-01-02T09:12:56.802Z" },
    { url = "https://files.pythonhosted.org/packages/19/9f/80b411cbac4a732439e629a26ad3ef11907a8c7fc5377b7602f04f6fe4e7/pillow-12.1.0-cp314-cp314t-manylinux_2_27_aarch64.manylinux_2_28_aarch64.whl", hash = "sha256:bdec5e43377761c5dbca620efb69a77f6855c5a379e32ac5b158f54c84212b14", size = 6381431, upload-time = "2026-01-02T09:12:58.823Z" },
    { url = "https://files.pythonhosted.org/packages/8f/b7/d65c45db463b66ecb6abc17c6ba6917a911202a07662247e1355ce1789e7/pillow-12.1.0-cp314-cp314t-manylinux_2_27_x86_64.manylinux_2_28_x86_64.whl", hash = "sha256:565c986f4b45c020f5421a4cea13ef294dde9509a8577f29b2fc5edc7587fff8", size = 7068529, upload-time = "2026-01-02T09:13:00.885Z" },
    { url = "https://files.pythonhosted.org/packages/50/96/dfd4cd726b4a45ae6e3c669fc9e49deb2241312605d33aba50499e9d9bd1/pillow-12.1.0-cp314-cp314t-musllinux_1_2_aarch64.whl", hash = "sha256:43aca0a55ce1eefc0aefa6253661cb54571857b1a7b2964bd8a1e3ef4b729924", size = 6492981, upload-time = "2026-01-02T09:13:03.314Z" },
    { url = "https://files.pythonhosted.org/packages/4d/1c/b5dc52cf713ae46033359c5ca920444f18a6359ce1020dd3e9c553ea5bc6/pillow-12.1.0-cp314-cp314t-musllinux_1_2_x86_64.whl", hash = "sha256:0deedf2ea233722476b3a81e8cdfbad786f7adbed5d848469fa59fe52396e4ef", size = 7191878, upload-time = "2026-01-02T09:13:05.276Z" },
    { url = "https://files.pythonhosted.org/packages/53/26/c4188248bd5edaf543864fe4834aebe9c9cb4968b6f573ce014cc42d0720/pillow-12.1.0-cp314-cp314t-win32.whl", hash = "sha256:b17fbdbe01c196e7e159aacb889e091f28e61020a8abeac07b68079b6e626988", size = 6438703, upload-time = "2026-01-02T09:13:07.491Z" },
    { url = "https://files.pythonhosted.org/packages/b8/0e/69ed296de8ea05cb03ee139cee600f424ca166e632567b2d66727f08c7ed/pillow-12.1.0-cp314-cp314t-win_amd64.whl", hash = "sha256:27b9baecb428899db6c0de572d6d305cfaf38ca1596b5c0542a5182e3e74e8c6", size = 7182927, upload-time = "2026-01-02T09:13:09.841Z" },
    { url = "https://files.pythonhosted.org/packages/fc/f5/68334c015eed9b5cff77814258717dec591ded209ab5b6fb70e2ae873d1d/pillow-12.1.0-cp314-cp314t-win_arm64.whl", hash = "sha256:f61333d817698bdcdd0f9d7793e365ac3d2a21c1f1eb02b32ad6aefb8d8ea831", size = 2545104, upload-time = "2026-01-02T09:13:12.068Z" },
]

[[package]]
name = "pluggy"
version = "1.6.0"
source = { registry = "https://pypi.org/simple" }
sdist = { url = "https://files.pythonhosted.org/packages/f9/e2/3e91f31a7d2b083fe6ef3fa267035b518369d9511ffab804f839851d2779/pluggy-1.6.0.tar.gz", hash = "sha256:7dcc130b76258d33b90f61b658791dede3486c3e6bfb003ee5c9bfb396dd22f3", size = 69412, upload-time = "2025-05-15T12:30:07.975Z" }
wheels = [
    { url = "https://files.pythonhosted.org/packages/54/20/4d324d65cc6d9205fabedc306948156824eb9f0ee1633355a8f7ec5c66bf/pluggy-1.6.0-py3-none-any.whl", hash = "sha256:e920276dd6813095e9377c0bc5566d94c932c33b27a3e3945d8389c374dd4746", size = 20538, upload-time = "2025-05-15T12:30:06.134Z" },
]

[[package]]
name = "prompt-toolkit"
version = "3.0.52"
source = { registry = "https://pypi.org/simple" }
dependencies = [
    { name = "wcwidth" },
]
sdist = { url = "https://files.pythonhosted.org/packages/a1/96/06e01a7b38dce6fe1db213e061a4602dd6032a8a97ef6c1a862537732421/prompt_toolkit-3.0.52.tar.gz", hash = "sha256:28cde192929c8e7321de85de1ddbe736f1375148b02f2e17edd840042b1be855", size = 434198, upload-time = "2025-08-27T15:24:02.057Z" }
wheels = [
    { url = "https://files.pythonhosted.org/packages/84/03/0d3ce49e2505ae70cf43bc5bb3033955d2fc9f932163e84dc0779cc47f48/prompt_toolkit-3.0.52-py3-none-any.whl", hash = "sha256:9aac639a3bbd33284347de5ad8d68ecc044b91a762dc39b7c21095fcd6a19955", size = 391431, upload-time = "2025-08-27T15:23:59.498Z" },
]

[[package]]
name = "pygments"
version = "2.19.2"
source = { registry = "https://pypi.org/simple" }
sdist = { url = "https://files.pythonhosted.org/packages/b0/77/a5b8c569bf593b0140bde72ea885a803b82086995367bf2037de0159d924/pygments-2.19.2.tar.gz", hash = "sha256:636cb2477cec7f8952536970bc533bc43743542f70392ae026374600add5b887", size = 4968631, upload-time = "2025-06-21T13:39:12.283Z" }
wheels = [
    { url = "https://files.pythonhosted.org/packages/c7/21/705964c7812476f378728bdf590ca4b771ec72385c533964653c68e86bdc/pygments-2.19.2-py3-none-any.whl", hash = "sha256:86540386c03d588bb81d44bc3928634ff26449851e99741617ecb9037ee5ec0b", size = 1225217, upload-time = "2025-06-21T13:39:07.939Z" },
]

[[package]]
name = "pyjwt"
version = "2.11.0"
source = { registry = "https://pypi.org/simple" }
sdist = { url = "https://files.pythonhosted.org/packages/5c/5a/b46fa56bf322901eee5b0454a34343cdbdae202cd421775a8ee4e42fd519/pyjwt-2.11.0.tar.gz", hash = "sha256:35f95c1f0fbe5d5ba6e43f00271c275f7a1a4db1dab27bf708073b75318ea623", size = 98019, upload-time = "2026-01-30T19:59:55.694Z" }
wheels = [
    { url = "https://files.pythonhosted.org/packages/6f/01/c26ce75ba460d5cd503da9e13b21a33804d38c2165dec7b716d06b13010c/pyjwt-2.11.0-py3-none-any.whl", hash = "sha256:94a6bde30eb5c8e04fee991062b534071fd1439ef58d2adc9ccb823e7bcd0469", size = 28224, upload-time = "2026-01-30T19:59:54.539Z" },
]

[[package]]
name = "pytest"
version = "9.0.2"
source = { registry = "https://pypi.org/simple" }
dependencies = [
    { name = "colorama", marker = "sys_platform == 'win32'" },
    { name = "iniconfig" },
    { name = "packaging" },
    { name = "pluggy" },
    { name = "pygments" },
]
sdist = { url = "https://files.pythonhosted.org/packages/d1/db/7ef3487e0fb0049ddb5ce41d3a49c235bf9ad299b6a25d5780a89f19230f/pytest-9.0.2.tar.gz", hash = "sha256:75186651a92bd89611d1d9fc20f0b4345fd827c41ccd5c299a868a05d70edf11", size = 1568901, upload-time = "2025-12-06T21:30:51.014Z" }
wheels = [
    { url = "https://files.pythonhosted.org/packages/3b/ab/b3226f0bd7cdcf710fbede2b3548584366da3b19b5021e74f5bde2a8fa3f/pytest-9.0.2-py3-none-any.whl", hash = "sha256:711ffd45bf766d5264d487b917733b453d917afd2b0ad65223959f59089f875b", size = 374801, upload-time = "2025-12-06T21:30:49.154Z" },
]

[[package]]
name = "pytest-django"
version = "4.11.1"
source = { registry = "https://pypi.org/simple" }
dependencies = [
    { name = "pytest" },
]
sdist = { url = "https://files.pythonhosted.org/packages/b1/fb/55d580352db26eb3d59ad50c64321ddfe228d3d8ac107db05387a2fadf3a/pytest_django-4.11.1.tar.gz", hash = "sha256:a949141a1ee103cb0e7a20f1451d355f83f5e4a5d07bdd4dcfdd1fd0ff227991", size = 86202, upload-time = "2025-04-03T18:56:09.338Z" }
wheels = [
    { url = "https://files.pythonhosted.org/packages/be/ac/bd0608d229ec808e51a21044f3f2f27b9a37e7a0ebaca7247882e67876af/pytest_django-4.11.1-py3-none-any.whl", hash = "sha256:1b63773f648aa3d8541000c26929c1ea63934be1cfa674c76436966d73fe6a10", size = 25281, upload-time = "2025-04-03T18:56:07.678Z" },
]

[[package]]
name = "python-dateutil"
version = "2.9.0.post0"
source = { registry = "https://pypi.org/simple" }
dependencies = [
    { name = "six" },
]
sdist = { url = "https://files.pythonhosted.org/packages/66/c0/0c8b6ad9f17a802ee498c46e004a0eb49bc148f2fd230864601a86dcf6db/python-dateutil-2.9.0.post0.tar.gz", hash = "sha256:37dd54208da7e1cd875388217d5e00ebd4179249f90fb72437e91a35459a0ad3", size = 342432, upload-time = "2024-03-01T18:36:20.211Z" }
wheels = [
    { url = "https://files.pythonhosted.org/packages/ec/57/56b9bcc3c9c6a792fcbaf139543cee77261f3651ca9da0c93f5c1221264b/python_dateutil-2.9.0.post0-py2.py3-none-any.whl", hash = "sha256:a8b2bc7bffae282281c8140a97d3aa9c14da0b136dfe83f850eea9a5f7470427", size = 229892, upload-time = "2024-03-01T18:36:18.57Z" },
]

[[package]]
name = "python-dotenv"
version = "1.2.1"
source = { registry = "https://pypi.org/simple" }
sdist = { url = "https://files.pythonhosted.org/packages/f0/26/19cadc79a718c5edbec86fd4919a6b6d3f681039a2f6d66d14be94e75fb9/python_dotenv-1.2.1.tar.gz", hash = "sha256:42667e897e16ab0d66954af0e60a9caa94f0fd4ecf3aaf6d2d260eec1aa36ad6", size = 44221, upload-time = "2025-10-26T15:12:10.434Z" }
wheels = [
    { url = "https://files.pythonhosted.org/packages/14/1b/a298b06749107c305e1fe0f814c6c74aea7b2f1e10989cb30f544a1b3253/python_dotenv-1.2.1-py3-none-any.whl", hash = "sha256:b81ee9561e9ca4004139c6cbba3a238c32b03e4894671e181b671e8cb8425d61", size = 21230, upload-time = "2025-10-26T15:12:09.109Z" },
]

[[package]]
name = "redis"
version = "7.1.0"
source = { registry = "https://pypi.org/simple" }
sdist = { url = "https://files.pythonhosted.org/packages/43/c8/983d5c6579a411d8a99bc5823cc5712768859b5ce2c8afe1a65b37832c81/redis-7.1.0.tar.gz", hash = "sha256:b1cc3cfa5a2cb9c2ab3ba700864fb0ad75617b41f01352ce5779dabf6d5f9c3c", size = 4796669, upload-time = "2025-11-19T15:54:39.961Z" }
wheels = [
    { url = "https://files.pythonhosted.org/packages/89/f0/8956f8a86b20d7bb9d6ac0187cf4cd54d8065bc9a1a09eb8011d4d326596/redis-7.1.0-py3-none-any.whl", hash = "sha256:23c52b208f92b56103e17c5d06bdc1a6c2c0b3106583985a76a18f83b265de2b", size = 354159, upload-time = "2025-11-19T15:54:38.064Z" },
]

[[package]]
name = "six"
version = "1.17.0"
source = { registry = "https://pypi.org/simple" }
sdist = { url = "https://files.pythonhosted.org/packages/94/e7/b2c673351809dca68a0e064b6af791aa332cf192da575fd474ed7d6f16a2/six-1.17.0.tar.gz", hash = "sha256:ff70335d468e7eb6ec65b95b99d3a2836546063f63acc5171de367e834932a81", size = 34031, upload-time = "2024-12-04T17:35:28.174Z" }
wheels = [
    { url = "https://files.pythonhosted.org/packages/b7/ce/149a00dd41f10bc29e5921b496af8b574d8413afcd5e30dfa0ed46c2cc5e/six-1.17.0-py2.py3-none-any.whl", hash = "sha256:4721f391ed90541fddacab5acf947aa0d3dc7d27b2e1e8eda2be8970586c3274", size = 11050, upload-time = "2024-12-04T17:35:26.475Z" },
]

[[package]]
name = "sqlparse"
version = "0.5.5"
source = { registry = "https://pypi.org/simple" }
sdist = { url = "https://files.pythonhosted.org/packages/90/76/437d71068094df0726366574cf3432a4ed754217b436eb7429415cf2d480/sqlparse-0.5.5.tar.gz", hash = "sha256:e20d4a9b0b8585fdf63b10d30066c7c94c5d7a7ec47c889a2d83a3caa93ff28e", size = 120815, upload-time = "2025-12-19T07:17:45.073Z" }
wheels = [
    { url = "https://files.pythonhosted.org/packages/49/4b/359f28a903c13438ef59ebeee215fb25da53066db67b305c125f1c6d2a25/sqlparse-0.5.5-py3-none-any.whl", hash = "sha256:12a08b3bf3eec877c519589833aed092e2444e68240a3577e8e26148acc7b1ba", size = 46138, upload-time = "2025-12-19T07:17:46.573Z" },
]

[[package]]
name = "tzdata"
version = "2025.3"
source = { registry = "https://pypi.org/simple" }
sdist = { url = "https://files.pythonhosted.org/packages/5e/a7/c202b344c5ca7daf398f3b8a477eeb205cf3b6f32e7ec3a6bac0629ca975/tzdata-2025.3.tar.gz", hash = "sha256:de39c2ca5dc7b0344f2eba86f49d614019d29f060fc4ebc8a417896a620b56a7", size = 196772, upload-time = "2025-12-13T17:45:35.667Z" }
wheels = [
    { url = "https://files.pythonhosted.org/packages/c7/b0/003792df09decd6849a5e39c28b513c06e84436a54440380862b5aeff25d/tzdata-2025.3-py2.py3-none-any.whl", hash = "sha256:06a47e5700f3081aab02b2e513160914ff0694bce9947d6b76ebd6bf57cfc5d1", size = 348521, upload-time = "2025-12-13T17:45:33.889Z" },
]

[[package]]
name = "tzlocal"
version = "5.3.1"
source = { registry = "https://pypi.org/simple" }
dependencies = [
    { name = "tzdata", marker = "sys_platform == 'win32'" },
]
sdist = { url = "https://files.pythonhosted.org/packages/8b/2e/c14812d3d4d9cd1773c6be938f89e5735a1f11a9f184ac3639b93cef35d5/tzlocal-5.3.1.tar.gz", hash = "sha256:cceffc7edecefea1f595541dbd6e990cb1ea3d19bf01b2809f362a03dd7921fd", size = 30761, upload-time = "2025-03-05T21:17:41.549Z" }
wheels = [
    { url = "https://files.pythonhosted.org/packages/c2/14/e2a54fabd4f08cd7af1c07030603c3356b74da07f7cc056e600436edfa17/tzlocal-5.3.1-py3-none-any.whl", hash = "sha256:eb1a66c3ef5847adf7a834f1be0800581b683b5608e74f86ecbcef8ab91bb85d", size = 18026, upload-time = "2025-03-05T21:17:39.857Z" },
]

[[package]]
name = "vine"
version = "5.1.0"
source = { registry = "https://pypi.org/simple" }
sdist = { url = "https://files.pythonhosted.org/packages/bd/e4/d07b5f29d283596b9727dd5275ccbceb63c44a1a82aa9e4bfd20426762ac/vine-5.1.0.tar.gz", hash = "sha256:8b62e981d35c41049211cf62a0a1242d8c1ee9bd15bb196ce38aefd6799e61e0", size = 48980, upload-time = "2023-11-05T08:46:53.857Z" }
wheels = [
    { url = "https://files.pythonhosted.org/packages/03/ff/7c0c86c43b3cbb927e0ccc0255cb4057ceba4799cd44ae95174ce8e8b5b2/vine-5.1.0-py3-none-any.whl", hash = "sha256:40fdf3c48b2cfe1c38a49e9ae2da6fda88e4794c810050a728bd7413811fb1dc", size = 9636, upload-time = "2023-11-05T08:46:51.205Z" },
]

[[package]]
name = "wcwidth"
version = "0.3.5"
source = { registry = "https://pypi.org/simple" }
sdist = { url = "https://files.pythonhosted.org/packages/95/fc/44799c4a51ff0da0de0ff27e68c9dea3454f3d9bf15ffb606aeb6943e672/wcwidth-0.3.5.tar.gz", hash = "sha256:7c3463f312540cf21ddd527ea34f3ae95c057fa191aa7a9e043898d20d636e59", size = 234185, upload-time = "2026-01-25T04:37:23.942Z" }
wheels = [
    { url = "https://files.pythonhosted.org/packages/7a/86/7f461495625145a99d60f14cdac142a11db5d501c86d48aad165575d1e06/wcwidth-0.3.5-py3-none-any.whl", hash = "sha256:b0a0245130566939a24ab8432e625b38272fbc62ecbe5aecbdcb50b8f02ce993", size = 86681, upload-time = "2026-01-25T04:37:22.585Z" },
]
